
Microsoft Visual Studio Solution File, Format Version 12.00
# Visual Studio Version 17
VisualStudioVersion = 17.3.32929.385
MinimumVisualStudioVersion = 10.0.40219.1
Project("{9A19103F-16F7-4668-BE54-9A1E7A4F7556}") = "localServer_废弃_不用http", "localServer\localServer_废弃_不用http.csproj", "{6EFFFF90-BCD4-4F40-B027-4FE18C5B9F82}"
EndProject
Project("{FAE04EC0-301F-11D3-BF4B-00C04F79EFBC}") = "SocketServer", "SocketServer\SocketServer.csproj", "{6E13BFE9-6148-4330-B748-BDF1B0C7AF60}"
EndProject
Global
	GlobalSection(SolutionConfigurationPlatforms) = preSolution
		Debug|Any CPU = Debug|Any CPU
		Release|Any CPU = Release|Any CPU
	EndGlobalSection
	GlobalSection(ProjectConfigurationPlatforms) = postSolution
		{6EFFFF90-BCD4-4F40-B027-4FE18C5B9F82}.Debug|Any CPU.ActiveCfg = Debug|Any CPU
		{6EFFFF90-BCD4-4F40-B027-4FE18C5B9F82}.Debug|Any CPU.Build.0 = Debug|Any CPU
		{6EFFFF90-BCD4-4F40-B027-4FE18C5B9F82}.Release|Any CPU.ActiveCfg = Release|Any CPU
		{6EFFFF90-BCD4-4F40-B027-4FE18C5B9F82}.Release|Any CPU.Build.0 = Release|Any CPU
		{6E13BFE9-6148-4330-B748-BDF1B0C7AF60}.Debug|Any CPU.ActiveCfg = Debug|Any CPU
		{6E13BFE9-6148-4330-B748-BDF1B0C7AF60}.Debug|Any CPU.Build.0 = Debug|Any CPU
		{6E13BFE9-6148-4330-B748-BDF1B0C7AF60}.Release|Any CPU.ActiveCfg = Release|Any CPU
		{6E13BFE9-6148-4330-B748-BDF1B0C7AF60}.Release|Any CPU.Build.0 = Release|Any CPU
	EndGlobalSection
	GlobalSection(SolutionProperties) = preSolution
		HideSolutionNode = FALSE
	EndGlobalSection
	GlobalSection(ExtensibilityGlobals) = postSolution
		SolutionGuid = {B4067F52-3387-4CAB-8410-759FFA61EDBE}
	EndGlobalSection
EndGlobal
